
Microsoft Visual Studio Solution File, Format Version 12.00
# Visual Studio 15
VisualStudioVersion = 15.0.27703.2026
MinimumVisualStudioVersion = 10.0.40219.1
Project("{FAE04EC0-301F-11D3-BF4B-00C04F79EFBC}") = "App02_TipoPaginaXF.Android", "App02_TipoPaginaXF\App02_TipoPaginaXF.Android\App02_TipoPaginaXF.Android.csproj", "{8457ACA4-EB9D-4FB4-B6C1-EA1987BC13D8}"
EndProject
Project("{FAE04EC0-301F-11D3-BF4B-00C04F79EFBC}") = "App02_TipoPaginaXF.iOS", "App02_TipoPaginaXF\App02_TipoPaginaXF.iOS\App02_TipoPaginaXF.iOS.csproj", "{E5D23A50-947E-4A82-9E8E-2649A6F469FB}"
EndProject
Project("{FAE04EC0-301F-11D3-BF4B-00C04F79EFBC}") = "App02_TipoPaginaXF.UWP", "App02_TipoPaginaXF\App02_TipoPaginaXF.UWP\App02_TipoPaginaXF.UWP.csproj", "{626E1211-AB64-4027-90E1-B5643A5AC325}"
EndProject
Project("{FAE04EC0-301F-11D3-BF4B-00C04F79EFBC}") = "App02_TipoPaginaXF", "App02_TipoPaginaXF\App02_TipoPaginaXF\App02_TipoPaginaXF.csproj", "{DDA99076-BAEC-4C64-9885-95AEB218DAF6}"
EndProject
Global
	GlobalSection(SolutionConfigurationPlatforms) = preSolution
		Ad-Hoc|Any CPU = Ad-Hoc|Any CPU
		Ad-Hoc|ARM = Ad-Hoc|ARM
		Ad-Hoc|iPhone = Ad-Hoc|iPhone
		Ad-Hoc|iPhoneSimulator = Ad-Hoc|iPhoneSimulator
		Ad-Hoc|x64 = Ad-Hoc|x64
		Ad-Hoc|x86 = Ad-Hoc|x86
		AppStore|Any CPU = AppStore|Any CPU
		AppStore|ARM = AppStore|ARM
		AppStore|iPhone = AppStore|iPhone
		AppStore|iPhoneSimulator = AppStore|iPhoneSimulator
		AppStore|x64 = AppStore|x64
		AppStore|x86 = AppStore|x86
		Debug|Any CPU = Debug|Any CPU
		Debug|ARM = Debug|ARM
		Debug|iPhone = Debug|iPhone
		Debug|iPhoneSimulator = Debug|iPhoneSimulator
		Debug|x64 = Debug|x64
		Debug|x86 = Debug|x86
		Release|Any CPU = Release|Any CPU
		Release|ARM = Release|ARM
		Release|iPhone = Release|iPhone
		Release|iPhoneSimulator = Release|iPhoneSimulator
		Release|x64 = Release|x64
		Release|x86 = Release|x86
	EndGlobalSection
	GlobalSection(ProjectConfigurationPlatforms) = postSolution
		{8457ACA4-EB9D-4FB4-B6C1-EA1987BC13D8}.Ad-Hoc|Any CPU.ActiveCfg = Release|Any CPU
		{8457ACA4-EB9D-4FB4-B6C1-EA1987BC13D8}.Ad-Hoc|Any CPU.Build.0 = Release|Any CPU
		{8457ACA4-EB9D-4FB4-B6C1-EA1987BC13D8}.Ad-Hoc|Any CPU.Deploy.0 = Release|Any CPU
		{8457ACA4-EB9D-4FB4-B6C1-EA1987BC13D8}.Ad-Hoc|ARM.ActiveCfg = Release|Any CPU
		{8457ACA4-EB9D-4FB4-B6C1-EA1987BC13D8}.Ad-Hoc|ARM.Build.0 = Release|Any CPU
		{8457ACA4-EB9D-4FB4-B6C1-EA1987BC13D8}.Ad-Hoc|ARM.Deploy.0 = Release|Any CPU
		{8457ACA4-EB9D-4FB4-B6C1-EA1987BC13D8}.Ad-Hoc|iPhone.ActiveCfg = Release|Any CPU
		{8457ACA4-EB9D-4FB4-B6C1-EA1987BC13D8}.Ad-Hoc|iPhone.Build.0 = Release|Any CPU
		{8457ACA4-EB9D-4FB4-B6C1-EA1987BC13D8}.Ad-Hoc|iPhone.Deploy.0 = Release|Any CPU
		{8457ACA4-EB9D-4FB4-B6C1-EA1987BC13D8}.Ad-Hoc|iPhoneSimulator.ActiveCfg = Release|Any CPU
		{8457ACA4-EB9D-4FB4-B6C1-EA1987BC13D8}.Ad-Hoc|iPhoneSimulator.Build.0 = Release|Any CPU
		{8457ACA4-EB9D-4FB4-B6C1-EA1987BC13D8}.Ad-Hoc|iPhoneSimulator.Deploy.0 = Release|Any CPU
		{8457ACA4-EB9D-4FB4-B6C1-EA1987BC13D8}.Ad-Hoc|x64.ActiveCfg = Release|Any CPU
		{8457ACA4-EB9D-4FB4-B6C1-EA1987BC13D8}.Ad-Hoc|x64.Build.0 = Release|Any CPU
		{8457ACA4-EB9D-4FB4-B6C1-EA1987BC13D8}.Ad-Hoc|x64.Deploy.0 = Release|Any CPU
		{8457ACA4-EB9D-4FB4-B6C1-EA1987BC13D8}.Ad-Hoc|x86.ActiveCfg = Release|Any CPU
		{8457ACA4-EB9D-4FB4-B6C1-EA1987BC13D8}.Ad-Hoc|x86.Build.0 = Release|Any CPU
		{8457ACA4-EB9D-4FB4-B6C1-EA1987BC13D8}.Ad-Hoc|x86.Deploy.0 = Release|Any CPU
		{8457ACA4-EB9D-4FB4-B6C1-EA1987BC13D8}.AppStore|Any CPU.ActiveCfg = Release|Any CPU
		{8457ACA4-EB9D-4FB4-B6C1-EA1987BC13D8}.AppStore|Any CPU.Build.0 = Release|Any CPU
		{8457ACA4-EB9D-4FB4-B6C1-EA1987BC13D8}.AppStore|Any CPU.Deploy.0 = Release|Any CPU
		{8457ACA4-EB9D-4FB4-B6C1-EA1987BC13D8}.AppStore|ARM.ActiveCfg = Release|Any CPU
		{8457ACA4-EB9D-4FB4-B6C1-EA1987BC13D8}.AppStore|ARM.Build.0 = Release|Any CPU
		{8457ACA4-EB9D-4FB4-B6C1-EA1987BC13D8}.AppStore|ARM.Deploy.0 = Release|Any CPU
		{8457ACA4-EB9D-4FB4-B6C1-EA1987BC13D8}.AppStore|iPhone.ActiveCfg = Release|Any CPU
		{8457ACA4-EB9D-4FB4-B6C1-EA1987BC13D8}.AppStore|iPhone.Build.0 = Release|Any CPU
		{8457ACA4-EB9D-4FB4-B6C1-EA1987BC13D8}.AppStore|iPhone.Deploy.0 = Release|Any CPU
		{8457ACA4-EB9D-4FB4-B6C1-EA1987BC13D8}.AppStore|iPhoneSimulator.ActiveCfg = Release|Any CPU
		{8457ACA4-EB9D-4FB4-B6C1-EA1987BC13D8}.AppStore|iPhoneSimulator.Build.0 = Release|Any CPU
		{8457ACA4-EB9D-4FB4-B6C1-EA1987BC13D8}.AppStore|iPhoneSimulator.Deploy.0 = Release|Any CPU
		{8457ACA4-EB9D-4FB4-B6C1-EA1987BC13D8}.AppStore|x64.ActiveCfg = Release|Any CPU
		{8457ACA4-EB9D-4FB4-B6C1-EA1987BC13D8}.AppStore|x64.Build.0 = Release|Any CPU
		{8457ACA4-EB9D-4FB4-B6C1-EA1987BC13D8}.AppStore|x64.Deploy.0 = Release|Any CPU
		{8457ACA4-EB9D-4FB4-B6C1-EA1987BC13D8}.AppStore|x86.ActiveCfg = Release|Any CPU
		{8457ACA4-EB9D-4FB4-B6C1-EA1987BC13D8}.AppStore|x86.Build.0 = Release|Any CPU
		{8457ACA4-EB9D-4FB4-B6C1-EA1987BC13D8}.AppStore|x86.Deploy.0 = Release|Any CPU
		{8457ACA4-EB9D-4FB4-B6C1-EA1987BC13D8}.Debug|Any CPU.ActiveCfg = Debug|Any CPU
		{8457ACA4-EB9D-4FB4-B6C1-EA1987BC13D8}.Debug|Any CPU.Build.0 = Debug|Any CPU
		{8457ACA4-EB9D-4FB4-B6C1-EA1987BC13D8}.Debug|Any CPU.Deploy.0 = Debug|Any CPU
		{8457ACA4-EB9D-4FB4-B6C1-EA1987BC13D8}.Debug|ARM.ActiveCfg = Debug|Any CPU
		{8457ACA4-EB9D-4FB4-B6C1-EA1987BC13D8}.Debug|ARM.Build.0 = Debug|Any CPU
		{8457ACA4-EB9D-4FB4-B6C1-EA1987BC13D8}.Debug|ARM.Deploy.0 = Debug|Any CPU
		{8457ACA4-EB9D-4FB4-B6C1-EA1987BC13D8}.Debug|iPhone.ActiveCfg = Debug|Any CPU
		{8457ACA4-EB9D-4FB4-B6C1-EA1987BC13D8}.Debug|iPhone.Build.0 = Debug|Any CPU
		{8457ACA4-EB9D-4FB4-B6C1-EA1987BC13D8}.Debug|iPhone.Deploy.0 = Debug|Any CPU
		{8457ACA4-EB9D-4FB4-B6C1-EA1987BC13D8}.Debug|iPhoneSimulator.ActiveCfg = Debug|Any CPU
		{8457ACA4-EB9D-4FB4-B6C1-EA1987BC13D8}.Debug|iPhoneSimulator.Build.0 = Debug|Any CPU
		{8457ACA4-EB9D-4FB4-B6C1-EA1987BC13D8}.Debug|iPhoneSimulator.Deploy.0 = Debug|Any CPU
		{8457ACA4-EB9D-4FB4-B6C1-EA1987BC13D8}.Debug|x64.ActiveCfg = Debug|Any CPU
		{8457ACA4-EB9D-4FB4-B6C1-EA1987BC13D8}.Debug|x64.Build.0 = Debug|Any CPU
		{8457ACA4-EB9D-4FB4-B6C1-EA1987BC13D8}.Debug|x64.Deploy.0 = Debug|Any CPU
		{8457ACA4-EB9D-4FB4-B6C1-EA1987BC13D8}.Debug|x86.ActiveCfg = Debug|Any CPU
		{8457ACA4-EB9D-4FB4-B6C1-EA1987BC13D8}.Debug|x86.Build.0 = Debug|Any CPU
		{8457ACA4-EB9D-4FB4-B6C1-EA1987BC13D8}.Debug|x86.Deploy.0 = Debug|Any CPU
		{8457ACA4-EB9D-4FB4-B6C1-EA1987BC13D8}.Release|Any CPU.ActiveCfg = Release|Any CPU
		{8457ACA4-EB9D-4FB4-B6C1-EA1987BC13D8}.Release|Any CPU.Build.0 = Release|Any CPU
		{8457ACA4-EB9D-4FB4-B6C1-EA1987BC13D8}.Release|Any CPU.Deploy.0 = Release|Any CPU
		{8457ACA4-EB9D-4FB4-B6C1-EA1987BC13D8}.Release|ARM.ActiveCfg = Release|Any CPU
		{8457ACA4-EB9D-4FB4-B6C1-EA1987BC13D8}.Release|ARM.Build.0 = Release|Any CPU
		{8457ACA4-EB9D-4FB4-B6C1-EA1987BC13D8}.Release|ARM.Deploy.0 = Release|Any CPU
		{8457ACA4-EB9D-4FB4-B6C1-EA1987BC13D8}.Release|iPhone.ActiveCfg = Release|Any CPU
		{8457ACA4-EB9D-4FB4-B6C1-EA1987BC13D8}.Release|iPhone.Build.0 = Release|Any CPU
		{8457ACA4-EB9D-4FB4-B6C1-EA1987BC13D8}.Release|iPhone.Deploy.0 = Release|Any CPU
		{8457ACA4-EB9D-4FB4-B6C1-EA1987BC13D8}.Release|iPhoneSimulator.ActiveCfg = Release|Any CPU
		{8457ACA4-EB9D-4FB4-B6C1-EA1987BC13D8}.Release|iPhoneSimulator.Build.0 = Release|Any CPU
		{8457ACA4-EB9D-4FB4-B6C1-EA1987BC13D8}.Release|iPhoneSimulator.Deploy.0 = Release|Any CPU
		{8457ACA4-EB9D-4FB4-B6C1-EA1987BC13D8}.Release|x64.ActiveCfg = Release|Any CPU
		{8457ACA4-EB9D-4FB4-B6C1-EA1987BC13D8}.Release|x64.Build.0 = Release|Any CPU
		{8457ACA4-EB9D-4FB4-B6C1-EA1987BC13D8}.Release|x64.Deploy.0 = Release|Any CPU
		{8457ACA4-EB9D-4FB4-B6C1-EA1987BC13D8}.Release|x86.ActiveCfg = Release|Any CPU
		{8457ACA4-EB9D-4FB4-B6C1-EA1987BC13D8}.Release|x86.Build.0 = Release|Any CPU
		{8457ACA4-EB9D-4FB4-B6C1-EA1987BC13D8}.Release|x86.Deploy.0 = Release|Any CPU
		{E5D23A50-947E-4A82-9E8E-2649A6F469FB}.Ad-Hoc|Any CPU.ActiveCfg = Ad-Hoc|iPhone
		{E5D23A50-947E-4A82-9E8E-2649A6F469FB}.Ad-Hoc|Any CPU.Build.0 = Ad-Hoc|iPhone
		{E5D23A50-947E-4A82-9E8E-2649A6F469FB}.Ad-Hoc|Any CPU.Deploy.0 = Ad-Hoc|iPhone
		{E5D23A50-947E-4A82-9E8E-2649A6F469FB}.Ad-Hoc|ARM.ActiveCfg = Ad-Hoc|iPhone
		{E5D23A50-947E-4A82-9E8E-2649A6F469FB}.Ad-Hoc|ARM.Build.0 = Ad-Hoc|iPhone
		{E5D23A50-947E-4A82-9E8E-2649A6F469FB}.Ad-Hoc|ARM.Deploy.0 = Ad-Hoc|iPhone
		{E5D23A50-947E-4A82-9E8E-2649A6F469FB}.Ad-Hoc|iPhone.ActiveCfg = Ad-Hoc|iPhone
		{E5D23A50-947E-4A82-9E8E-2649A6F469FB}.Ad-Hoc|iPhone.Build.0 = Ad-Hoc|iPhone
		{E5D23A50-947E-4A82-9E8E-2649A6F469FB}.Ad-Hoc|iPhone.Deploy.0 = Ad-Hoc|iPhone
		{E5D23A50-947E-4A82-9E8E-2649A6F469FB}.Ad-Hoc|iPhoneSimulator.ActiveCfg = Ad-Hoc|iPhoneSimulator
		{E5D23A50-947E-4A82-9E8E-2649A6F469FB}.Ad-Hoc|iPhoneSimulator.Build.0 = Ad-Hoc|iPhoneSimulator
		{E5D23A50-947E-4A82-9E8E-2649A6F469FB}.Ad-Hoc|iPhoneSimulator.Deploy.0 = Ad-Hoc|iPhoneSimulator
		{E5D23A50-947E-4A82-9E8E-2649A6F469FB}.Ad-Hoc|x64.ActiveCfg = Ad-Hoc|iPhone
		{E5D23A50-947E-4A82-9E8E-2649A6F469FB}.Ad-Hoc|x64.Build.0 = Ad-Hoc|iPhone
		{E5D23A50-947E-4A82-9E8E-2649A6F469FB}.Ad-Hoc|x64.Deploy.0 = Ad-Hoc|iPhone
		{E5D23A50-947E-4A82-9E8E-2649A6F469FB}.Ad-Hoc|x86.ActiveCfg = Ad-Hoc|iPhone
		{E5D23A50-947E-4A82-9E8E-2649A6F469FB}.Ad-Hoc|x86.Build.0 = Ad-Hoc|iPhone
		{E5D23A50-947E-4A82-9E8E-2649A6F469FB}.Ad-Hoc|x86.Deploy.0 = Ad-Hoc|iPhone
		{E5D23A50-947E-4A82-9E8E-2649A6F469FB}.AppStore|Any CPU.ActiveCfg = AppStore|iPhone
		{E5D23A50-947E-4A82-9E8E-2649A6F469FB}.AppStore|Any CPU.Build.0 = AppStore|iPhone
		{E5D23A50-947E-4A82-9E8E-2649A6F469FB}.AppStore|Any CPU.Deploy.0 = AppStore|iPhone
		{E5D23A50-947E-4A82-9E8E-2649A6F469FB}.AppStore|ARM.ActiveCfg = AppStore|iPhone
		{E5D23A50-947E-4A82-9E8E-2649A6F469FB}.AppStore|ARM.Build.0 = AppStore|iPhone
		{E5D23A50-947E-4A82-9E8E-2649A6F469FB}.AppStore|ARM.Deploy.0 = AppStore|iPhone
		{E5D23A50-947E-4A82-9E8E-2649A6F469FB}.AppStore|iPhone.ActiveCfg = AppStore|iPhone
		{E5D23A50-947E-4A82-9E8E-2649A6F469FB}.AppStore|iPhone.Build.0 = AppStore|iPhone
		{E5D23A50-947E-4A82-9E8E-2649A6F469FB}.AppStore|iPhone.Deploy.0 = AppStore|iPhone
		{E5D23A50-947E-4A82-9E8E-2649A6F469FB}.AppStore|iPhoneSimulator.ActiveCfg = AppStore|iPhoneSimulator
		{E5D23A50-947E-4A82-9E8E-2649A6F469FB}.AppStore|iPhoneSimulator.Build.0 = AppStore|iPhoneSimulator
		{E5D23A50-947E-4A82-9E8E-2649A6F469FB}.AppStore|iPhoneSimulator.Deploy.0 = AppStore|iPhoneSimulator
		{E5D23A50-947E-4A82-9E8E-2649A6F469FB}.AppStore|x64.ActiveCfg = AppStore|iPhone
		{E5D23A50-947E-4A82-9E8E-2649A6F469FB}.AppStore|x64.Build.0 = AppStore|iPhone
		{E5D23A50-947E-4A82-9E8E-2649A6F469FB}.AppStore|x64.Deploy.0 = AppStore|iPhone
		{E5D23A50-947E-4A82-9E8E-2649A6F469FB}.AppStore|x86.ActiveCfg = AppStore|iPhone
		{E5D23A50-947E-4A82-9E8E-2649A6F469FB}.AppStore|x86.Build.0 = AppStore|iPhone
		{E5D23A50-947E-4A82-9E8E-2649A6F469FB}.AppStore|x86.Deploy.0 = AppStore|iPhone
		{E5D23A50-947E-4A82-9E8E-2649A6F469FB}.Debug|Any CPU.ActiveCfg = Debug|iPhoneSimulator
		{E5D23A50-947E-4A82-9E8E-2649A6F469FB}.Debug|Any CPU.Build.0 = Debug|iPhoneSimulator
		{E5D23A50-947E-4A82-9E8E-2649A6F469FB}.Debug|Any CPU.Deploy.0 = Debug|iPhoneSimulator
		{E5D23A50-947E-4A82-9E8E-2649A6F469FB}.Debug|ARM.ActiveCfg = Debug|iPhone
		{E5D23A50-947E-4A82-9E8E-2649A6F469FB}.Debug|ARM.Build.0 = Debug|iPhone
		{E5D23A50-947E-4A82-9E8E-2649A6F469FB}.Debug|ARM.Deploy.0 = Debug|iPhone
		{E5D23A50-947E-4A82-9E8E-2649A6F469FB}.Debug|iPhone.ActiveCfg = Debug|iPhone
		{E5D23A50-947E-4A82-9E8E-2649A6F469FB}.Debug|iPhone.Build.0 = Debug|iPhone
		{E5D23A50-947E-4A82-9E8E-2649A6F469FB}.Debug|iPhone.Deploy.0 = Debug|iPhone
		{E5D23A50-947E-4A82-9E8E-2649A6F469FB}.Debug|iPhoneSimulator.ActiveCfg = Debug|iPhoneSimulator
		{E5D23A50-947E-4A82-9E8E-2649A6F469FB}.Debug|iPhoneSimulator.Build.0 = Debug|iPhoneSimulator
		{E5D23A50-947E-4A82-9E8E-2649A6F469FB}.Debug|iPhoneSimulator.Deploy.0 = Debug|iPhoneSimulator
		{E5D23A50-947E-4A82-9E8E-2649A6F469FB}.Debug|x64.ActiveCfg = Debug|iPhone
		{E5D23A50-947E-4A82-9E8E-2649A6F469FB}.Debug|x64.Build.0 = Debug|iPhone
		{E5D23A50-947E-4A82-9E8E-2649A6F469FB}.Debug|x64.Deploy.0 = Debug|iPhone
		{E5D23A50-947E-4A82-9E8E-2649A6F469FB}.Debug|x86.ActiveCfg = Debug|iPhone
		{E5D23A50-947E-4A82-9E8E-2649A6F469FB}.Debug|x86.Build.0 = Debug|iPhone
		{E5D23A50-947E-4A82-9E8E-2649A6F469FB}.Debug|x86.Deploy.0 = Debug|iPhone
		{E5D23A50-947E-4A82-9E8E-2649A6F469FB}.Release|Any CPU.ActiveCfg = Release|iPhone
		{E5D23A50-947E-4A82-9E8E-2649A6F469FB}.Release|Any CPU.Build.0 = Release|iPhone
		{E5D23A50-947E-4A82-9E8E-2649A6F469FB}.Release|Any CPU.Deploy.0 = Release|iPhone
		{E5D23A50-947E-4A82-9E8E-2649A6F469FB}.Release|ARM.ActiveCfg = Release|iPhone
		{E5D23A50-947E-4A82-9E8E-2649A6F469FB}.Release|ARM.Build.0 = Release|iPhone
		{E5D23A50-947E-4A82-9E8E-2649A6F469FB}.Release|ARM.Deploy.0 = Release|iPhone
		{E5D23A50-947E-4A82-9E8E-2649A6F469FB}.Release|iPhone.ActiveCfg = Release|iPhone
		{E5D23A50-947E-4A82-9E8E-2649A6F469FB}.Release|iPhone.Build.0 = Release|iPhone
		{E5D23A50-947E-4A82-9E8E-2649A6F469FB}.Release|iPhone.Deploy.0 = Release|iPhone
		{E5D23A50-947E-4A82-9E8E-2649A6F469FB}.Release|iPhoneSimulator.ActiveCfg = Release|iPhoneSimulator
		{E5D23A50-947E-4A82-9E8E-2649A6F469FB}.Release|iPhoneSimulator.Build.0 = Release|iPhoneSimulator
		{E5D23A50-947E-4A82-9E8E-2649A6F469FB}.Release|iPhoneSimulator.Deploy.0 = Release|iPhoneSimulator
		{E5D23A50-947E-4A82-9E8E-2649A6F469FB}.Release|x64.ActiveCfg = Release|iPhone
		{E5D23A50-947E-4A82-9E8E-2649A6F469FB}.Release|x64.Build.0 = Release|iPhone
		{E5D23A50-947E-4A82-9E8E-2649A6F469FB}.Release|x64.Deploy.0 = Release|iPhone
		{E5D23A50-947E-4A82-9E8E-2649A6F469FB}.Release|x86.ActiveCfg = Release|iPhone
		{E5D23A50-947E-4A82-9E8E-2649A6F469FB}.Release|x86.Build.0 = Release|iPhone
		{E5D23A50-947E-4A82-9E8E-2649A6F469FB}.Release|x86.Deploy.0 = Release|iPhone
		{626E1211-AB64-4027-90E1-B5643A5AC325}.Ad-Hoc|Any CPU.ActiveCfg = Release|x86
		{626E1211-AB64-4027-90E1-B5643A5AC325}.Ad-Hoc|Any CPU.Build.0 = Release|x86
		{626E1211-AB64-4027-90E1-B5643A5AC325}.Ad-Hoc|Any CPU.Deploy.0 = Release|x86
		{626E1211-AB64-4027-90E1-B5643A5AC325}.Ad-Hoc|ARM.ActiveCfg = Release|ARM
		{626E1211-AB64-4027-90E1-B5643A5AC325}.Ad-Hoc|ARM.Build.0 = Release|ARM
		{626E1211-AB64-4027-90E1-B5643A5AC325}.Ad-Hoc|ARM.Deploy.0 = Release|ARM
		{626E1211-AB64-4027-90E1-B5643A5AC325}.Ad-Hoc|iPhone.ActiveCfg = Release|x86
		{626E1211-AB64-4027-90E1-B5643A5AC325}.Ad-Hoc|iPhone.Build.0 = Release|x86
		{626E1211-AB64-4027-90E1-B5643A5AC325}.Ad-Hoc|iPhone.Deploy.0 = Release|x86
		{626E1211-AB64-4027-90E1-B5643A5AC325}.Ad-Hoc|iPhoneSimulator.ActiveCfg = Release|x86
		{626E1211-AB64-4027-90E1-B5643A5AC325}.Ad-Hoc|iPhoneSimulator.Build.0 = Release|x86
		{626E1211-AB64-4027-90E1-B5643A5AC325}.Ad-Hoc|iPhoneSimulator.Deploy.0 = Release|x86
		{626E1211-AB64-4027-90E1-B5643A5AC325}.Ad-Hoc|x64.ActiveCfg = Release|x64
		{626E1211-AB64-4027-90E1-B5643A5AC325}.Ad-Hoc|x64.Build.0 = Release|x64
		{626E1211-AB64-4027-90E1-B5643A5AC325}.Ad-Hoc|x64.Deploy.0 = Release|x64
		{626E1211-AB64-4027-90E1-B5643A5AC325}.Ad-Hoc|x86.ActiveCfg = Release|x86
		{626E1211-AB64-4027-90E1-B5643A5AC325}.Ad-Hoc|x86.Build.0 = Release|x86
		{626E1211-AB64-4027-90E1-B5643A5AC325}.Ad-Hoc|x86.Deploy.0 = Release|x86
		{626E1211-AB64-4027-90E1-B5643A5AC325}.AppStore|Any CPU.ActiveCfg = Release|x86
		{626E1211-AB64-4027-90E1-B5643A5AC325}.AppStore|Any CPU.Build.0 = Release|x86
		{626E1211-AB64-4027-90E1-B5643A5AC325}.AppStore|Any CPU.Deploy.0 = Release|x86
		{626E1211-AB64-4027-90E1-B5643A5AC325}.AppStore|ARM.ActiveCfg = Release|ARM
		{626E1211-AB64-4027-90E1-B5643A5AC325}.AppStore|ARM.Build.0 = Release|ARM
		{626E1211-AB64-4027-90E1-B5643A5AC325}.AppStore|ARM.Deploy.0 = Release|ARM
		{626E1211-AB64-4027-90E1-B5643A5AC325}.AppStore|iPhone.ActiveCfg = Release|x86
		{626E1211-AB64-4027-90E1-B5643A5AC325}.AppStore|iPhone.Build.0 = Release|x86
		{626E1211-AB64-4027-90E1-B5643A5AC325}.AppStore|iPhone.Deploy.0 = Release|x86
		{626E1211-AB64-4027-90E1-B5643A5AC325}.AppStore|iPhoneSimulator.ActiveCfg = Release|x86
		{626E1211-AB64-4027-90E1-B5643A5AC325}.AppStore|iPhoneSimulator.Build.0 = Release|x86
		{626E1211-AB64-4027-90E1-B5643A5AC325}.AppStore|iPhoneSimulator.Deploy.0 = Release|x86
		{626E1211-AB64-4027-90E1-B5643A5AC325}.AppStore|x64.ActiveCfg = Release|x64
		{626E1211-AB64-4027-90E1-B5643A5AC325}.AppStore|x64.Build.0 = Release|x64
		{626E1211-AB64-4027-90E1-B5643A5AC325}.AppStore|x64.Deploy.0 = Release|x64
		{626E1211-AB64-4027-90E1-B5643A5AC325}.AppStore|x86.ActiveCfg = Release|x86
		{626E1211-AB64-4027-90E1-B5643A5AC325}.AppStore|x86.Build.0 = Release|x86
		{626E1211-AB64-4027-90E1-B5643A5AC325}.AppStore|x86.Deploy.0 = Release|x86
		{626E1211-AB64-4027-90E1-B5643A5AC325}.Debug|Any CPU.ActiveCfg = Debug|x86
		{626E1211-AB64-4027-90E1-B5643A5AC325}.Debug|Any CPU.Build.0 = Debug|x86
		{626E1211-AB64-4027-90E1-B5643A5AC325}.Debug|Any CPU.Deploy.0 = Debug|x86
		{626E1211-AB64-4027-90E1-B5643A5AC325}.Debug|ARM.ActiveCfg = Debug|ARM
		{626E1211-AB64-4027-90E1-B5643A5AC325}.Debug|ARM.Build.0 = Debug|ARM
		{626E1211-AB64-4027-90E1-B5643A5AC325}.Debug|ARM.Deploy.0 = Debug|ARM
		{626E1211-AB64-4027-90E1-B5643A5AC325}.Debug|iPhone.ActiveCfg = Debug|x86
		{626E1211-AB64-4027-90E1-B5643A5AC325}.Debug|iPhone.Build.0 = Debug|x86
		{626E1211-AB64-4027-90E1-B5643A5AC325}.Debug|iPhone.Deploy.0 = Debug|x86
		{626E1211-AB64-4027-90E1-B5643A5AC325}.Debug|iPhoneSimulator.ActiveCfg = Debug|x86
		{626E1211-AB64-4027-90E1-B5643A5AC325}.Debug|iPhoneSimulator.Build.0 = Debug|x86
		{626E1211-AB64-4027-90E1-B5643A5AC325}.Debug|iPhoneSimulator.Deploy.0 = Debug|x86
		{626E1211-AB64-4027-90E1-B5643A5AC325}.Debug|x64.ActiveCfg = Debug|x64
		{626E1211-AB64-4027-90E1-B5643A5AC325}.Debug|x64.Build.0 = Debug|x64
		{626E1211-AB64-4027-90E1-B5643A5AC325}.Debug|x64.Deploy.0 = Debug|x64
		{626E1211-AB64-4027-90E1-B5643A5AC325}.Debug|x86.ActiveCfg = Debug|x86
		{626E1211-AB64-4027-90E1-B5643A5AC325}.Debug|x86.Build.0 = Debug|x86
		{626E1211-AB64-4027-90E1-B5643A5AC325}.Debug|x86.Deploy.0 = Debug|x86
		{626E1211-AB64-4027-90E1-B5643A5AC325}.Release|Any CPU.ActiveCfg = Release|x86
		{626E1211-AB64-4027-90E1-B5643A5AC325}.Release|Any CPU.Build.0 = Release|x86
		{626E1211-AB64-4027-90E1-B5643A5AC325}.Release|Any CPU.Deploy.0 = Release|x86
		{626E1211-AB64-4027-90E1-B5643A5AC325}.Release|ARM.ActiveCfg = Release|ARM
		{626E1211-AB64-4027-90E1-B5643A5AC325}.Release|ARM.Build.0 = Release|ARM
		{626E1211-AB64-4027-90E1-B5643A5AC325}.Release|ARM.Deploy.0 = Release|ARM
		{626E1211-AB64-4027-90E1-B5643A5AC325}.Release|iPhone.ActiveCfg = Release|x86
		{626E1211-AB64-4027-90E1-B5643A5AC325}.Release|iPhone.Build.0 = Release|x86
		{626E1211-AB64-4027-90E1-B5643A5AC325}.Release|iPhone.Deploy.0 = Release|x86
		{626E1211-AB64-4027-90E1-B5643A5AC325}.Release|iPhoneSimulator.ActiveCfg = Release|x86
		{626E1211-AB64-4027-90E1-B5643A5AC325}.Release|iPhoneSimulator.Build.0 = Release|x86
		{626E1211-AB64-4027-90E1-B5643A5AC325}.Release|iPhoneSimulator.Deploy.0 = Release|x86
		{626E1211-AB64-4027-90E1-B5643A5AC325}.Release|x64.ActiveCfg = Release|x64
		{626E1211-AB64-4027-90E1-B5643A5AC325}.Release|x64.Build.0 = Release|x64
		{626E1211-AB64-4027-90E1-B5643A5AC325}.Release|x64.Deploy.0 = Release|x64
		{626E1211-AB64-4027-90E1-B5643A5AC325}.Release|x86.ActiveCfg = Release|x86
		{626E1211-AB64-4027-90E1-B5643A5AC325}.Release|x86.Build.0 = Release|x86
		{626E1211-AB64-4027-90E1-B5643A5AC325}.Release|x86.Deploy.0 = Release|x86
		{DDA99076-BAEC-4C64-9885-95AEB218DAF6}.Ad-Hoc|Any CPU.ActiveCfg = Debug|Any CPU
		{DDA99076-BAEC-4C64-9885-95AEB218DAF6}.Ad-Hoc|Any CPU.Build.0 = Debug|Any CPU
		{DDA99076-BAEC-4C64-9885-95AEB218DAF6}.Ad-Hoc|Any CPU.Deploy.0 = Debug|Any CPU
		{DDA99076-BAEC-4C64-9885-95AEB218DAF6}.Ad-Hoc|ARM.ActiveCfg = Debug|Any CPU
		{DDA99076-BAEC-4C64-9885-95AEB218DAF6}.Ad-Hoc|ARM.Build.0 = Debug|Any CPU
		{DDA99076-BAEC-4C64-9885-95AEB218DAF6}.Ad-Hoc|ARM.Deploy.0 = Debug|Any CPU
		{DDA99076-BAEC-4C64-9885-95AEB218DAF6}.Ad-Hoc|iPhone.ActiveCfg = Debug|Any CPU
		{DDA99076-BAEC-4C64-9885-95AEB218DAF6}.Ad-Hoc|iPhone.Build.0 = Debug|Any CPU
		{DDA99076-BAEC-4C64-9885-95AEB218DAF6}.Ad-Hoc|iPhone.Deploy.0 = Debug|Any CPU
		{DDA99076-BAEC-4C64-9885-95AEB218DAF6}.Ad-Hoc|iPhoneSimulator.ActiveCfg = Debug|Any CPU
		{DDA99076-BAEC-4C64-9885-95AEB218DAF6}.Ad-Hoc|iPhoneSimulator.Build.0 = Debug|Any CPU
		{DDA99076-BAEC-4C64-9885-95AEB218DAF6}.Ad-Hoc|iPhoneSimulator.Deploy.0 = Debug|Any CPU
		{DDA99076-BAEC-4C64-9885-95AEB218DAF6}.Ad-Hoc|x64.ActiveCfg = Debug|Any CPU
		{DDA99076-BAEC-4C64-9885-95AEB218DAF6}.Ad-Hoc|x64.Build.0 = Debug|Any CPU
		{DDA99076-BAEC-4C64-9885-95AEB218DAF6}.Ad-Hoc|x64.Deploy.0 = Debug|Any CPU
		{DDA99076-BAEC-4C64-9885-95AEB218DAF6}.Ad-Hoc|x86.ActiveCfg = Debug|Any CPU
		{DDA99076-BAEC-4C64-9885-95AEB218DAF6}.Ad-Hoc|x86.Build.0 = Debug|Any CPU
		{DDA99076-BAEC-4C64-9885-95AEB218DAF6}.Ad-Hoc|x86.Deploy.0 = Debug|Any CPU
		{DDA99076-BAEC-4C64-9885-95AEB218DAF6}.AppStore|Any CPU.ActiveCfg = Debug|Any CPU
		{DDA99076-BAEC-4C64-9885-95AEB218DAF6}.AppStore|Any CPU.Build.0 = Debug|Any CPU
		{DDA99076-BAEC-4C64-9885-95AEB218DAF6}.AppStore|Any CPU.Deploy.0 = Debug|Any CPU
		{DDA99076-BAEC-4C64-9885-95AEB218DAF6}.AppStore|ARM.ActiveCfg = Debug|Any CPU
		{DDA99076-BAEC-4C64-9885-95AEB218DAF6}.AppStore|ARM.Build.0 = Debug|Any CPU
		{DDA99076-BAEC-4C64-9885-95AEB218DAF6}.AppStore|ARM.Deploy.0 = Debug|Any CPU
		{DDA99076-BAEC-4C64-9885-95AEB218DAF6}.AppStore|iPhone.ActiveCfg = Debug|Any CPU
		{DDA99076-BAEC-4C64-9885-95AEB218DAF6}.AppStore|iPhone.Build.0 = Debug|Any CPU
		{DDA99076-BAEC-4C64-9885-95AEB218DAF6}.AppStore|iPhone.Deploy.0 = Debug|Any CPU
		{DDA99076-BAEC-4C64-9885-95AEB218DAF6}.AppStore|iPhoneSimulator.ActiveCfg = Debug|Any CPU
		{DDA99076-BAEC-4C64-9885-95AEB218DAF6}.AppStore|iPhoneSimulator.Build.0 = Debug|Any CPU
		{DDA99076-BAEC-4C64-9885-95AEB218DAF6}.AppStore|iPhoneSimulator.Deploy.0 = Debug|Any CPU
		{DDA99076-BAEC-4C64-9885-95AEB218DAF6}.AppStore|x64.ActiveCfg = Debug|Any CPU
		{DDA99076-BAEC-4C64-9885-95AEB218DAF6}.AppStore|x64.Build.0 = Debug|Any CPU
		{DDA99076-BAEC-4C64-9885-95AEB218DAF6}.AppStore|x64.Deploy.0 = Debug|Any CPU
		{DDA99076-BAEC-4C64-9885-95AEB218DAF6}.AppStore|x86.ActiveCfg = Debug|Any CPU
		{DDA99076-BAEC-4C64-9885-95AEB218DAF6}.AppStore|x86.Build.0 = Debug|Any CPU
		{DDA99076-BAEC-4C64-9885-95AEB218DAF6}.AppStore|x86.Deploy.0 = Debug|Any CPU
		{DDA99076-BAEC-4C64-9885-95AEB218DAF6}.Debug|Any CPU.ActiveCfg = Debug|Any CPU
		{DDA99076-BAEC-4C64-9885-95AEB218DAF6}.Debug|Any CPU.Build.0 = Debug|Any CPU
		{DDA99076-BAEC-4C64-9885-95AEB218DAF6}.Debug|Any CPU.Deploy.0 = Debug|Any CPU
		{DDA99076-BAEC-4C64-9885-95AEB218DAF6}.Debug|ARM.ActiveCfg = Debug|Any CPU
		{DDA99076-BAEC-4C64-9885-95AEB218DAF6}.Debug|ARM.Build.0 = Debug|Any CPU
		{DDA99076-BAEC-4C64-9885-95AEB218DAF6}.Debug|ARM.Deploy.0 = Debug|Any CPU
		{DDA99076-BAEC-4C64-9885-95AEB218DAF6}.Debug|iPhone.ActiveCfg = Debug|Any CPU
		{DDA99076-BAEC-4C64-9885-95AEB218DAF6}.Debug|iPhone.Build.0 = Debug|Any CPU
		{DDA99076-BAEC-4C64-9885-95AEB218DAF6}.Debug|iPhone.Deploy.0 = Debug|Any CPU
		{DDA99076-BAEC-4C64-9885-95AEB218DAF6}.Debug|iPhoneSimulator.ActiveCfg = Debug|Any CPU
		{DDA99076-BAEC-4C64-9885-95AEB218DAF6}.Debug|iPhoneSimulator.Build.0 = Debug|Any CPU
		{DDA99076-BAEC-4C64-9885-95AEB218DAF6}.Debug|iPhoneSimulator.Deploy.0 = Debug|Any CPU
		{DDA99076-BAEC-4C64-9885-95AEB218DAF6}.Debug|x64.ActiveCfg = Debug|Any CPU
		{DDA99076-BAEC-4C64-9885-95AEB218DAF6}.Debug|x64.Build.0 = Debug|Any CPU
		{DDA99076-BAEC-4C64-9885-95AEB218DAF6}.Debug|x64.Deploy.0 = Debug|Any CPU
		{DDA99076-BAEC-4C64-9885-95AEB218DAF6}.Debug|x86.ActiveCfg = Debug|Any CPU
		{DDA99076-BAEC-4C64-9885-95AEB218DAF6}.Debug|x86.Build.0 = Debug|Any CPU
		{DDA99076-BAEC-4C64-9885-95AEB218DAF6}.Debug|x86.Deploy.0 = Debug|Any CPU
		{DDA99076-BAEC-4C64-9885-95AEB218DAF6}.Release|Any CPU.ActiveCfg = Release|Any CPU
		{DDA99076-BAEC-4C64-9885-95AEB218DAF6}.Release|Any CPU.Build.0 = Release|Any CPU
		{DDA99076-BAEC-4C64-9885-95AEB218DAF6}.Release|Any CPU.Deploy.0 = Release|Any CPU
		{DDA99076-BAEC-4C64-9885-95AEB218DAF6}.Release|ARM.ActiveCfg = Release|Any CPU
		{DDA99076-BAEC-4C64-9885-95AEB218DAF6}.Release|ARM.Build.0 = Release|Any CPU
		{DDA99076-BAEC-4C64-9885-95AEB218DAF6}.Release|ARM.Deploy.0 = Release|Any CPU
		{DDA99076-BAEC-4C64-9885-95AEB218DAF6}.Release|iPhone.ActiveCfg = Release|Any CPU
		{DDA99076-BAEC-4C64-9885-95AEB218DAF6}.Release|iPhone.Build.0 = Release|Any CPU
		{DDA99076-BAEC-4C64-9885-95AEB218DAF6}.Release|iPhone.Deploy.0 = Release|Any CPU
		{DDA99076-BAEC-4C64-9885-95AEB218DAF6}.Release|iPhoneSimulator.ActiveCfg = Release|Any CPU
		{DDA99076-BAEC-4C64-9885-95AEB218DAF6}.Release|iPhoneSimulator.Build.0 = Release|Any CPU
		{DDA99076-BAEC-4C64-9885-95AEB218DAF6}.Release|iPhoneSimulator.Deploy.0 = Release|Any CPU
		{DDA99076-BAEC-4C64-9885-95AEB218DAF6}.Release|x64.ActiveCfg = Release|Any CPU
		{DDA99076-BAEC-4C64-9885-95AEB218DAF6}.Release|x64.Build.0 = Release|Any CPU
		{DDA99076-BAEC-4C64-9885-95AEB218DAF6}.Release|x64.Deploy.0 = Release|Any CPU
		{DDA99076-BAEC-4C64-9885-95AEB218DAF6}.Release|x86.ActiveCfg = Release|Any CPU
		{DDA99076-BAEC-4C64-9885-95AEB218DAF6}.Release|x86.Build.0 = Release|Any CPU
		{DDA99076-BAEC-4C64-9885-95AEB218DAF6}.Release|x86.Deploy.0 = Release|Any CPU
	EndGlobalSection
	GlobalSection(SolutionProperties) = preSolution
		HideSolutionNode = FALSE
	EndGlobalSection
	GlobalSection(ExtensibilityGlobals) = postSolution
		SolutionGuid = {7616A79C-4028-48E5-8E75-7E015A96C692}
	EndGlobalSection
EndGlobal
